{
  "name": "webassemblyts",
  "version": "1.0.0",
  "lockfileVersion": 1,
  "requires": true,
  "dependencies": {
    "@assemblyscript/loader": {
      "version": "0.19.11",
      "resolved": "http://10.80.84.176:4873/@assemblyscript%2floader/-/loader-0.19.11.tgz",
      "integrity": "sha1-ud+pbcFot39saNazy7/l+2ya7h4="
    },
    "assemblyscript": {
      "version": "0.19.11",
      "resolved": "http://10.80.84.176:4873/assemblyscript/-/assemblyscript-0.19.11.tgz",
      "integrity": "sha1-EeYdOFufDHzF7XCjU2VAiJsLz18=",
      "dev": true,
      "requires": {
        "binaryen": "101.0.0-nightly.20210723",
        "long": "^4.0.0"
      }
    },
    "binaryen": {
      "version": "101.0.0-nightly.20210723",
      "resolved": "http://10.80.84.176:4873/binaryen/-/binaryen-101.0.0-nightly.20210723.tgz",
      "integrity": "sha1-trt/NQE0FydoGgOGbAhWUA7sN0A=",
      "dev": true
    },
    "long": {
      "version": "4.0.0",
      "resolved": "http://10.80.84.176:4873/long/-/long-4.0.0.tgz",
      "integrity": "sha512-XsP+KhQif4bjX1kbuSiySJFNAehNxgLb6hPRGJ9QsUr8ajHkuXGdrHmFUTUUXhDwVX2R5bY4JNZEwbUiMhV+MA==",
      "dev": true
    }
  }
}
